{
  "name": "neofile",
  "version": "0.0.0",
  "lockfileVersion": 1,
  "requires": true,
  "dependencies": {
    "@types/node": {
      "version": "15.0.1",
      "resolved": "https://registry.npmjs.org/@types/node/-/node-15.0.1.tgz",
      "integrity": "sha512-TMkXt0Ck1y0KKsGr9gJtWGjttxlZnnvDtphxUOSd0bfaR6Q1jle+sPvrzNR1urqYTWMinoKvjKfXUGsumaO1PA=="
    },
    "ansi-colors": {
      "version": "4.1.1",
      "resolved": "https://registry.npmjs.org/ansi-colors/-/ansi-colors-4.1.1.tgz",
      "integrity": "sha512-JoX0apGbHaUJBNl6yF+p6JAFYZ666/hhCGKN5t9QFjbJQKUU/g8MNbFDbvfrgKXvI1QpZplPOnwIo99lX/AAmA=="
    },
    "commander": {
      "version": "7.2.0",
      "resolved": "https://registry.npmjs.org/commander/-/commander-7.2.0.tgz",
      "integrity": "sha512-QrWXB+ZQSVPmIWIhtEO9H+gwHaMGYiF5ChvoJ+K9ZGHG/sVsa6yiesAD1GC/x46sET00Xlwo1u49RVVVzvcSkw=="
    },
    "enquirer": {
      "version": "2.3.6",
      "resolved": "https://registry.npmjs.org/enquirer/-/enquirer-2.3.6.tgz",
      "integrity": "sha512-yjNnPr315/FjS4zIsUxYguYUPP2e1NK4d7E7ZOLiyYCcbFBiTMyID+2wvm2w6+pZ/odMA7cRkjhsPbltwBOrLg==",
      "requires": {
        "ansi-colors": "^4.1.1"
      }
    }
  }
}
